github.com/go-json-experiment/json v0.0.0-20260214004413-d219187c3433 h1:vymEbVwYFP/L05h5TKQxvkXoKxNvTpjxYKdF1Nlwuao=
github.com/go-json-experiment/json v0.0.0-20260214004413-d219187c3433/go.mod h1:tphK2c80bpPhMOI4v6bIc2xWywPfbqi1Z06+RcrMkDg=
github.com/google/go-cmp v0.7.0 h1:wk8382ETsv4JYUZwIsn6YpYiWiBsYLSJiTsyBybVuN8=
github.com/google/go-cmp v0.7.0/go.mod h1:pXiqmnSA92OHEEa9HXL2W4E7lf9JzCmGVUdgjX3N/iU=
github.com/klauspost/cpuid/v2 v2.2.10 h1:tBs3QSyvjDyFTq3uoc/9xFpCuOsJQFNPiAhYdw2skhE=
github.com/klauspost/cpuid/v2 v2.2.10/go.mod h1:hqwkgyIinND0mEev00jJYCxPNVRVXFQeu1XKlok6oO0=
github.com/microsoft/typescript-go v0.0.0-20260408193441-2a5e1cf9fe22 h1:iH0TuqCh+yQ95Ea0f9lVM5B1xkTqlmxQhzOEj8QWR6o=
github.com/microsoft/typescript-go v0.0.0-20260408193441-2a5e1cf9fe22/go.mod h1:eE2mO7PBRpeR8gWgxwsZq1LOW4tsgIF6zd0iQ5TbsJU=
github.com/peter-evans/patience v0.3.0 h1:rX0JdJeepqdQl1Sk9c9uvorjYYzL2TfgLX1adqYm9cA=
github.com/peter-evans/patience v0.3.0/go.mod h1:Kmxu5sY1NmBLFSStvXjX1wS9mIv7wMcP/ubucyMOAu0=
github.com/samchon/ttsc/packages/ttsc v0.0.0-20260424211148-8021826efa7a h1:V+5abmFtzbkjNoU6qBJLULvTGaHEl86yktSqE1GL+zM=
github.com/samchon/ttsc/packages/ttsc v0.0.0-20260424211148-8021826efa7a/go.mod h1:RKU9zjPYfCCSw9IDNvEk3pqE6H1N4HUuFVNYEhp5Deo=
github.com/samchon/ttsc/packages/ttsc/shim/ast v0.0.0-20260424211148-8021826efa7a h1:hziK1utrk1tfed0AUox4oSWmVUxaCv9mcdJ7BMa13HE=
github.com/samchon/ttsc/packages/ttsc/shim/ast v0.0.0-20260424211148-8021826efa7a/go.mod h1:bkvU8mdrWtIDprKYo0E5g+5ggYhiXp24Iq2FhMSWEec=
github.com/samchon/ttsc/packages/ttsc/shim/bundled v0.0.0-20260424211148-8021826efa7a h1:JX+uycmfxl8hcEmHXmjdX5SBhM0bRRMIWxge0WcMTus=
github.com/samchon/ttsc/packages/ttsc/shim/bundled v0.0.0-20260424211148-8021826efa7a/go.mod h1:PuCxASBhU3UzlxYG07qATDyOftTk/6ejHDmuXwt+Pqw=
github.com/samchon/ttsc/packages/ttsc/shim/checker v0.0.0-20260424211148-8021826efa7a h1:o7pg+j/lQBGG8xt5sjeSn+uJunfywK2yw7uAvUBRsK0=
github.com/samchon/ttsc/packages/ttsc/shim/checker v0.0.0-20260424211148-8021826efa7a/go.mod h1:KZQ51EGQmDVxMJzsTeCEOKHwM/GT/taY/zcP7cyqNek=
github.com/samchon/ttsc/packages/ttsc/shim/compiler v0.0.0-20260424211148-8021826efa7a h1:H50ddMySxdXcbT4RwEp+dt3UzbKHnEMcPRgMHqGfYBI=
github.com/samchon/ttsc/packages/ttsc/shim/compiler v0.0.0-20260424211148-8021826efa7a/go.mod h1:khAAqWYO/9nAuNi9hy7omDECv4RcV6vkaDjIgSuSIaU=
github.com/samchon/ttsc/packages/ttsc/shim/core v0.0.0-20260424211148-8021826efa7a h1:no9kXQBe/mIH+KEnxtxkZmAYeEGdXuX/vn1z/EB+yVw=
github.com/samchon/ttsc/packages/ttsc/shim/core v0.0.0-20260424211148-8021826efa7a/go.mod h1:afoQu8Ths0dOBNXVYOIShOH+TPI7jGmpS4JqPPDrQR4=
github.com/samchon/ttsc/packages/ttsc/shim/diagnosticwriter v0.0.0-20260424211148-8021826efa7a h1:x7H/tyRjvLSd5Ta0DO0fneFoDxd6FYPxgyxmeWRslbA=
github.com/samchon/ttsc/packages/ttsc/shim/diagnosticwriter v0.0.0-20260424211148-8021826efa7a/go.mod h1:McMAXBakTg2jKbxA3ZCYWyno6Nq2u0nb8i/PLW0Yiy0=
github.com/samchon/ttsc/packages/ttsc/shim/scanner v0.0.0-20260424211148-8021826efa7a h1:aJC9bY4GPn1hjuLYZ/GS0Uw1cLF0pPw9Qcz92AsQaOw=
github.com/samchon/ttsc/packages/ttsc/shim/scanner v0.0.0-20260424211148-8021826efa7a/go.mod h1:Qq7K0gPEHNTBlxmbMFl0jqG2MMIJwAExWS9Zothi5Qg=
github.com/samchon/ttsc/packages/ttsc/shim/tsoptions v0.0.0-20260424211148-8021826efa7a h1:4cmptuKy5gfCxb7GtA95MJNlfAxAL+nt1tsaGS/MII8=
github.com/samchon/ttsc/packages/ttsc/shim/tsoptions v0.0.0-20260424211148-8021826efa7a/go.mod h1:dXYriV1XVwFHuXNwRnsxKOKmo9Zwa8TJ9JYCXr6RUnk=
github.com/samchon/ttsc/packages/ttsc/shim/tspath v0.0.0-20260424211148-8021826efa7a h1:Uk0J9OEhPUBhcFe67hEl4QaaP6UEarileb5t3o0AP90=
github.com/samchon/ttsc/packages/ttsc/shim/tspath v0.0.0-20260424211148-8021826efa7a/go.mod h1:cCXhQg5OANYXKeHL7VrtRofoonIpFrYnyMsPnmSterc=
github.com/samchon/ttsc/packages/ttsc/shim/vfs v0.0.0-20260424211148-8021826efa7a h1:XGh0Ev1R9zRMBPoAXNiuJ+4gZblFpct9mKsIxiSKr3M=
github.com/samchon/ttsc/packages/ttsc/shim/vfs v0.0.0-20260424211148-8021826efa7a/go.mod h1:xlmiZI1KJLtr/3KCUpo3GUommL5FUYtTlLzbMcK5G3E=
github.com/samchon/ttsc/packages/ttsc/shim/vfs/cachedvfs v0.0.0-20260424211148-8021826efa7a h1:fvh+LcTi+YwPgWsa4CX/p00npLzGtcVyBQW3oQcNC5I=
github.com/samchon/ttsc/packages/ttsc/shim/vfs/cachedvfs v0.0.0-20260424211148-8021826efa7a/go.mod h1:mnFg1ZpBJJfR+qTmj+8wbcWXVGoVBt3XxRL4277SP+c=
github.com/samchon/ttsc/packages/ttsc/shim/vfs/osvfs v0.0.0-20260424211148-8021826efa7a h1:JX2Txcun97j+4E1Ite+B+FReNI6oyxk3vSBe//xyBsg=
github.com/samchon/ttsc/packages/ttsc/shim/vfs/osvfs v0.0.0-20260424211148-8021826efa7a/go.mod h1:+Q4X/9Zchc6GU0CB0jPIYJt2aCbey0Lg/FCgkBjMf08=
github.com/zeebo/assert v1.3.0 h1:g7C04CbJuIDKNPFHmsk4hwZDO5O+kntRxzaUoNXj+IQ=
github.com/zeebo/assert v1.3.0/go.mod h1:Pq9JiuJQpG8JLJdtkwrJESF0Foym2/D9XMU5ciN/wJ0=
github.com/zeebo/xxh3 v1.1.0 h1:s7DLGDK45Dyfg7++yxI0khrfwq9661w9EN78eP/UZVs=
github.com/zeebo/xxh3 v1.1.0/go.mod h1:IisAie1LELR4xhVinxWS5+zf1lA4p0MW4T+w+W07F5s=
golang.org/x/sync v0.20.0 h1:e0PTpb7pjO8GAtTs2dQ6jYa5BWYlMuX047Dco/pItO4=
golang.org/x/sync v0.20.0/go.mod h1:9xrNwdLfx4jkKbNva9FpL6vEN7evnE43NNNJQ2LF3+0=
golang.org/x/sys v0.42.0 h1:omrd2nAlyT5ESRdCLYdm3+fMfNFE/+Rf4bDIQImRJeo=
golang.org/x/sys v0.42.0/go.mod h1:4GL1E5IUh+htKOUEOaiffhrAeqysfVGipDYzABqnCmw=
golang.org/x/text v0.35.0 h1:JOVx6vVDFokkpaq1AEptVzLTpDe9KGpj5tR4/X+ybL8=
golang.org/x/text v0.35.0/go.mod h1:khi/HExzZJ2pGnjenulevKNX1W67CUy0AsXcNubPGCA=
gotest.tools/v3 v3.5.2 h1:7koQfIKdy+I8UTetycgUqXWSDwpgv193Ka+qRsmBY8Q=
gotest.tools/v3 v3.5.2/go.mod h1:LtdLGcnqToBH83WByAAi/wiwSFCArdFIUV/xxN4pcjA=
