{
  "name": "@typia/experiment-setup",
  "version": "0.0.0",
  "lockfileVersion": 3,
  "requires": true,
  "packages": {
    "": {
      "name": "@typia/experiment-setup",
      "version": "0.0.0",
      "license": "MIT",
      "devDependencies": {
        "@nestia/e2e": "^11.0.2"
      }
    },
    "node_modules/@nestia/e2e": {
      "version": "11.0.2",
      "resolved": "https://registry.npmjs.org/@nestia/e2e/-/e2e-11.0.2.tgz",
      "integrity": "sha512-pkixyxTYxj8a1byyqMCJ/Jbd/BSGHoXWy2zjL8rqO9YJAg1kILSrQ8JWzKLSydaaQODi35vWcFJr3wgGz9EFbA==",
      "dev": true,
      "license": "MIT"
    }
  }
}
